
Microsoft Visual Studio Solution File, Format Version 12.00
# Visual Studio Version 16
VisualStudioVersion = 16.0.32413.511
MinimumVisualStudioVersion = 10.0.40219.1
Project("{FAE04EC0-301F-11D3-BF4B-00C04F79EFBC}") = "MarsRover", "MarsRover\MarsRover.csproj", "{96DB8444-1721-4E2D-9C35-4725611BDC6F}"
EndProject
Project("{FAE04EC0-301F-11D3-BF4B-00C04F79EFBC}") = "MarsRover.Tests", "MarsRover.Tests\MarsRover.Tests.csproj", "{F4F6C5EA-BB6F-470D-AFD9-BD67D979FA89}"
EndProject
Global
	GlobalSection(SolutionConfigurationPlatforms) = preSolution
		Debug|Any CPU = Debug|Any CPU
		Release|Any CPU = Release|Any CPU
	EndGlobalSection
	GlobalSection(ProjectConfigurationPlatforms) = postSolution
		{96DB8444-1721-4E2D-9C35-4725611BDC6F}.Debug|Any CPU.ActiveCfg = Debug|Any CPU
		{96DB8444-1721-4E2D-9C35-4725611BDC6F}.Debug|Any CPU.Build.0 = Debug|Any CPU
		{96DB8444-1721-4E2D-9C35-4725611BDC6F}.Release|Any CPU.ActiveCfg = Release|Any CPU
		{96DB8444-1721-4E2D-9C35-4725611BDC6F}.Release|Any CPU.Build.0 = Release|Any CPU
		{F4F6C5EA-BB6F-470D-AFD9-BD67D979FA89}.Debug|Any CPU.ActiveCfg = Debug|Any CPU
		{F4F6C5EA-BB6F-470D-AFD9-BD67D979FA89}.Debug|Any CPU.Build.0 = Debug|Any CPU
		{F4F6C5EA-BB6F-470D-AFD9-BD67D979FA89}.Release|Any CPU.ActiveCfg = Release|Any CPU
		{F4F6C5EA-BB6F-470D-AFD9-BD67D979FA89}.Release|Any CPU.Build.0 = Release|Any CPU
	EndGlobalSection
	GlobalSection(SolutionProperties) = preSolution
		HideSolutionNode = FALSE
	EndGlobalSection
	GlobalSection(ExtensibilityGlobals) = postSolution
		SolutionGuid = {ACC782A3-A7C1-47FE-8FF0-01C6684FB0AA}
	EndGlobalSection
EndGlobal
